version = 1
revision = 3
requires-python = ">=3.14"

[[package]]
name = "cuda-bindings"
version = "12.9.4"
source = { registry = "https://download.pytorch.org/whl/cu126" }
dependencies = [
    { name = "cuda-pathfinder" },
]
wheels = [
    { url = "https://download.pytorch.org/whl/cu126/cuda_bindings-12.9.4-cp314-cp314-manylinux_2_24_aarch64.manylinux_2_28_aarch64.whl", hash = "sha256:1f53a7f453d4b2643d8663d036bafe29b5ba89eb904c133180f295df6dc151e5" },
    { url = "https://download.pytorch.org/whl/cu126/cuda_bindings-12.9.4-cp314-cp314-manylinux_2_24_x86_64.manylinux_2_28_x86_64.whl", hash = "sha256:8b72ee72a9cc1b531db31eebaaee5c69a8ec3500e32c6933f2d3b15297b53686" },
    { url = "https://download.pytorch.org/whl/cu126/cuda_bindings-12.9.4-cp314-cp314t-manylinux_2_24_aarch64.manylinux_2_28_aarch64.whl", hash = "sha256:20f2699d61d724de3eb3f3369d57e2b245f93085cab44fd37c3bea036cea1a6f" },
    { url = "https://download.pytorch.org/whl/cu126/cuda_bindings-12.9.4-cp314-cp314t-manylinux_2_24_x86_64.manylinux_2_28_x86_64.whl", hash = "sha256:d80bffc357df9988dca279734bc9674c3934a654cab10cadeed27ce17d8635ee" },
]

[[package]]
name = "cuda-pathfinder"
version = "1.2.2"
source = { registry = "https://download.pytorch.org/whl/cu126" }
wheels = [
    { url = "https://download.pytorch.org/whl/cuda_pathfinder-1.2.2-py3-none-any.whl" },
]

[[package]]
name = "filelock"
version = "3.20.0"
source = { registry = "https://download.pytorch.org/whl/cu126" }
sdist = { url = "https://files.pythonhosted.org/packages/58/46/0028a82567109b5ef6e4d2a1f04a583fb513e6cf9527fcdd09afd817deeb/filelock-3.20.0.tar.gz", hash = "sha256:711e943b4ec6be42e1d4e6690b48dc175c822967466bb31c0c293f34334c13f4" }
wheels = [
    { url = "https://files.pythonhosted.org/packages/76/91/7216b27286936c16f5b4d0c530087e4a54eead683e6b0b73dd0c64844af6/filelock-3.20.0-py3-none-any.whl", hash = "sha256:339b4732ffda5cd79b13f4e2711a31b0365ce445d95d243bb996273d072546a2" },
]

[[package]]
name = "fsspec"
version = "2025.12.0"
source = { registry = "https://download.pytorch.org/whl/cu126" }
sdist = { url = "https://files.pythonhosted.org/packages/b6/27/954057b0d1f53f086f681755207dda6de6c660ce133c829158e8e8fe7895/fsspec-2025.12.0.tar.gz", hash = "sha256:c505de011584597b1060ff778bb664c1bc022e87921b0e4f10cc9c44f9635973" }
wheels = [
    { url = "https://files.pythonhosted.org/packages/51/c7/b64cae5dba3a1b138d7123ec36bb5ccd39d39939f18454407e5468f4763f/fsspec-2025.12.0-py3-none-any.whl", hash = "sha256:8bf1fe301b7d8acfa6e8571e3b1c3d158f909666642431cc78a1b7b4dbc5ec5b" },
]

[[package]]
name = "jinja2"
version = "3.1.6"
source = { registry = "https://download.pytorch.org/whl/cu126" }
dependencies = [
    { name = "markupsafe" },
]
wheels = [
    { url = "https://download.pytorch.org/whl/jinja2-3.1.6-py3-none-any.whl" },
]

[[package]]
name = "lightdeepfilternet"
version = "0.1.0"
source = { virtual = "." }
dependencies = [
    { name = "torch" },
    { name = "torchaudio" },
    { name = "torchvision" },
]

[package.metadata]
requires-dist = [
    { name = "torch", specifier = ">=2.10.0", index = "https://download.pytorch.org/whl/cu126" },
    { name = "torchaudio", specifier = ">=2.10.0", index = "https://download.pytorch.org/whl/cu126" },
    { name = "torchvision", specifier = ">=0.25.0", index = "https://download.pytorch.org/whl/cu126" },
]

[package.metadata.requires-dev]
dev = []

[[package]]
name = "markupsafe"
version = "3.0.3"
source = { registry = "https://download.pytorch.org/whl/cu126" }
wheels = [
    { url = "https://download.pytorch.org/whl/markupsafe-3.0.3-cp314-cp314-macosx_11_0_arm64.whl" },
    { url = "https://download.pytorch.org/whl/markupsafe-3.0.3-cp314-cp314-manylinux2014_aarch64.manylinux_2_17_aarch64.manylinux_2_28_aarch64.whl" },
    { url = "https://download.pytorch.org/whl/markupsafe-3.0.3-cp314-cp314-manylinux2014_x86_64.manylinux_2_17_x86_64.manylinux_2_28_x86_64.whl" },
    { url = "https://download.pytorch.org/whl/markupsafe-3.0.3-cp314-cp314-win_amd64.whl" },
    { url = "https://download.pytorch.org/whl/markupsafe-3.0.3-cp314-cp314t-macosx_11_0_arm64.whl" },
    { url = "https://download.pytorch.org/whl/markupsafe-3.0.3-cp314-cp314t-manylinux2014_aarch64.manylinux_2_17_aarch64.manylinux_2_28_aarch64.whl" },
    { url = "https://download.pytorch.org/whl/markupsafe-3.0.3-cp314-cp314t-manylinux2014_x86_64.manylinux_2_17_x86_64.manylinux_2_28_x86_64.whl" },
    { url = "https://download.pytorch.org/whl/markupsafe-3.0.3-cp314-cp314t-win_amd64.whl" },
]

[[package]]
name = "mpmath"
version = "1.3.0"
source = { registry = "https://download.pytorch.org/whl/cu126" }
sdist = { url = "https://files.pythonhosted.org/packages/e0/47/dd32fa426cc72114383ac549964eecb20ecfd886d1e5ccf5340b55b02f57/mpmath-1.3.0.tar.gz", hash = "sha256:7a28eb2a9774d00c7bc92411c19a89209d5da7c4c9a9e227be8330a23a25b91f" }
wheels = [
    { url = "https://files.pythonhosted.org/packages/43/e3/7d92a15f894aa0c9c4b49b8ee9ac9850d6e63b03c9c32c0367a13ae62209/mpmath-1.3.0-py3-none-any.whl", hash = "sha256:a0b2b9fe80bbcd81a6647ff13108738cfb482d481d826cc0e02f5b35e5c88d2c" },
]

[[package]]
name = "networkx"
version = "3.6.1"
source = { registry = "https://download.pytorch.org/whl/cu126" }
sdist = { url = "https://files.pythonhosted.org/packages/6a/51/63fe664f3908c97be9d2e4f1158eb633317598cfa6e1fc14af5383f17512/networkx-3.6.1.tar.gz", hash = "sha256:26b7c357accc0c8cde558ad486283728b65b6a95d85ee1cd66bafab4c8168509" }
wheels = [
    { url = "https://files.pythonhosted.org/packages/9e/c9/b2622292ea83fbb4ec318f5b9ab867d0a28ab43c5717bb85b0a5f6b3b0a4/networkx-3.6.1-py3-none-any.whl", hash = "sha256:d47fbf302e7d9cbbb9e2555a0d267983d2aa476bac30e90dfbe5669bd57f3762" },
]

[[package]]
name = "numpy"
version = "2.3.5"
source = { registry = "https://download.pytorch.org/whl/cu126" }
sdist = { url = "https://files.pythonhosted.org/packages/76/65/21b3bc86aac7b8f2862db1e808f1ea22b028e30a225a34a5ede9bf8678f2/numpy-2.3.5.tar.gz", hash = "sha256:784db1dcdab56bf0517743e746dfb0f885fc68d948aba86eeec2cba234bdf1c0" }
wheels = [
    { url = "https://files.pythonhosted.org/packages/ba/97/1a914559c19e32d6b2e233cf9a6a114e67c856d35b1d6babca571a3e880f/numpy-2.3.5-cp314-cp314-macosx_10_15_x86_64.whl", hash = "sha256:bf06bc2af43fa8d32d30fae16ad965663e966b1a3202ed407b84c989c3221e82" },
    { url = "https://files.pythonhosted.org/packages/57/d4/51233b1c1b13ecd796311216ae417796b88b0616cfd8a33ae4536330748a/numpy-2.3.5-cp314-cp314-macosx_11_0_arm64.whl", hash = "sha256:052e8c42e0c49d2575621c158934920524f6c5da05a1d3b9bab5d8e259e045f0" },
    { url = "https://files.pythonhosted.org/packages/45/98/2fe46c5c2675b8306d0b4a3ec3494273e93e1226a490f766e84298576956/numpy-2.3.5-cp314-cp314-macosx_14_0_arm64.whl", hash = "sha256:1ed1ec893cff7040a02c8aa1c8611b94d395590d553f6b53629a4461dc7f7b63" },
    { url = "https://files.pythonhosted.org/packages/ce/0e/0698378989bb0ac5f1660c81c78ab1fe5476c1a521ca9ee9d0710ce54099/numpy-2.3.5-cp314-cp314-macosx_14_0_x86_64.whl", hash = "sha256:2dcd0808a421a482a080f89859a18beb0b3d1e905b81e617a188bd80422d62e9" },
    { url = "https://files.pythonhosted.org/packages/5e/a6/9ca0eecc489640615642a6cbc0ca9e10df70df38c4d43f5a928ff18d8827/numpy-2.3.5-cp314-cp314-manylinux_2_27_aarch64.manylinux_2_28_aarch64.whl", hash = "sha256:727fd05b57df37dc0bcf1a27767a3d9a78cbbc92822445f32cc3436ba797337b" },
    { url = "https://files.pythonhosted.org/packages/c8/f6/07ec185b90ec9d7217a00eeeed7383b73d7e709dae2a9a021b051542a708/numpy-2.3.5-cp314-cp314-manylinux_2_27_x86_64.manylinux_2_28_x86_64.whl", hash = "sha256:fffe29a1ef00883599d1dc2c51aa2e5d80afe49523c261a74933df395c15c520" },
    { url = "https://files.pythonhosted.org/packages/75/37/164071d1dde6a1a84c9b8e5b414fa127981bad47adf3a6b7e23917e52190/numpy-2.3.5-cp314-cp314-musllinux_1_2_aarch64.whl", hash = "sha256:8f7f0e05112916223d3f438f293abf0727e1181b5983f413dfa2fefc4098245c" },
    { url = "https://files.pythonhosted.org/packages/08/3c/f18b82a406b04859eb026d204e4e1773eb41c5be58410f41ffa511d114ae/numpy-2.3.5-cp314-cp314-musllinux_1_2_x86_64.whl", hash = "sha256:2e2eb32ddb9ccb817d620ac1d8dae7c3f641c1e5f55f531a33e8ab97960a75b8" },
    { url = "https://files.pythonhosted.org/packages/40/79/f82f572bf44cf0023a2fe8588768e23e1592585020d638999f15158609e1/numpy-2.3.5-cp314-cp314-win32.whl", hash = "sha256:66f85ce62c70b843bab1fb14a05d5737741e74e28c7b8b5a064de10142fad248" },
    { url = "https://files.pythonhosted.org/packages/a3/2e/235b4d96619931192c91660805e5e49242389742a7a82c27665021db690c/numpy-2.3.5-cp314-cp314-win_amd64.whl", hash = "sha256:e6a0bc88393d65807d751a614207b7129a310ca4fe76a74e5c7da5fa5671417e" },
    { url = "https://files.pythonhosted.org/packages/07/2b/29fd75ce45d22a39c61aad74f3d718e7ab67ccf839ca8b60866054eb15f8/numpy-2.3.5-cp314-cp314-win_arm64.whl", hash = "sha256:aeffcab3d4b43712bb7a60b65f6044d444e75e563ff6180af8f98dd4b905dfd2" },
    { url = "https://files.pythonhosted.org/packages/17/e1/f6a721234ebd4d87084cfa68d081bcba2f5cfe1974f7de4e0e8b9b2a2ba1/numpy-2.3.5-cp314-cp314t-macosx_10_15_x86_64.whl", hash = "sha256:17531366a2e3a9e30762c000f2c43a9aaa05728712e25c11ce1dbe700c53ad41" },
    { url = "https://files.pythonhosted.org/packages/5c/1c/baf7ffdc3af9c356e1c135e57ab7cf8d247931b9554f55c467efe2c69eff/numpy-2.3.5-cp314-cp314t-macosx_11_0_arm64.whl", hash = "sha256:d21644de1b609825ede2f48be98dfde4656aefc713654eeee280e37cadc4e0ad" },
    { url = "https://files.pythonhosted.org/packages/74/91/f7f0295151407ddc9ba34e699013c32c3c91944f9b35fcf9281163dc1468/numpy-2.3.5-cp314-cp314t-macosx_14_0_arm64.whl", hash = "sha256:c804e3a5aba5460c73955c955bdbd5c08c354954e9270a2c1565f62e866bdc39" },
    { url = "https://files.pythonhosted.org/packages/2e/3b/78aebf345104ec50dd50a4d06ddeb46a9ff5261c33bcc58b1c4f12f85ec2/numpy-2.3.5-cp314-cp314t-macosx_14_0_x86_64.whl", hash = "sha256:cc0a57f895b96ec78969c34f682c602bf8da1a0270b09bc65673df2e7638ec20" },
    { url = "https://files.pythonhosted.org/packages/02/c6/7c34b528740512e57ef1b7c8337ab0b4f0bddf34c723b8996c675bc2bc91/numpy-2.3.5-cp314-cp314t-manylinux_2_27_aarch64.manylinux_2_28_aarch64.whl", hash = "sha256:900218e456384ea676e24ea6a0417f030a3b07306d29d7ad843957b40a9d8d52" },
    { url = "https://files.pythonhosted.org/packages/80/35/09d433c5262bc32d725bafc619e095b6a6651caf94027a03da624146f655/numpy-2.3.5-cp314-cp314t-manylinux_2_27_x86_64.manylinux_2_28_x86_64.whl", hash = "sha256:09a1bea522b25109bf8e6f3027bd810f7c1085c64a0c7ce050c1676ad0ba010b" },
    { url = "https://files.pythonhosted.org/packages/7a/ab/6a7b259703c09a88804fa2430b43d6457b692378f6b74b356155283566ac/numpy-2.3.5-cp314-cp314t-musllinux_1_2_aarch64.whl", hash = "sha256:04822c00b5fd0323c8166d66c701dc31b7fbd252c100acd708c48f763968d6a3" },
    { url = "https://files.pythonhosted.org/packages/c2/88/330da2071e8771e60d1038166ff9d73f29da37b01ec3eb43cb1427464e10/numpy-2.3.5-cp314-cp314t-musllinux_1_2_x86_64.whl", hash = "sha256:d6889ec4ec662a1a37eb4b4fb26b6100841804dac55bd9df579e326cdc146227" },
    { url = "https://files.pythonhosted.org/packages/51/41/851c4b4082402d9ea860c3626db5d5df47164a712cb23b54be028b184c1c/numpy-2.3.5-cp314-cp314t-win32.whl", hash = "sha256:93eebbcf1aafdf7e2ddd44c2923e2672e1010bddc014138b229e49725b4d6be5" },
    { url = "https://files.pythonhosted.org/packages/90/30/d48bde1dfd93332fa557cff1972fbc039e055a52021fbef4c2c4b1eefd17/numpy-2.3.5-cp314-cp314t-win_amd64.whl", hash = "sha256:c8a9958e88b65c3b27e22ca2a076311636850b612d6bbfb76e8d156aacde2aaf" },
    { url = "https://files.pythonhosted.org/packages/2d/fd/4b5eb0b3e888d86aee4d198c23acec7d214baaf17ea93c1adec94c9518b9/numpy-2.3.5-cp314-cp314t-win_arm64.whl", hash = "sha256:6203fdf9f3dc5bdaed7319ad8698e685c7a3be10819f41d32a0723e611733b42" },
]

[[package]]
name = "nvidia-cublas-cu12"
version = "12.6.4.1"
source = { registry = "https://download.pytorch.org/whl/cu126" }
wheels = [
    { url = "https://pypi.nvidia.com/nvidia-cublas-cu12/nvidia_cublas_cu12-12.6.4.1-py3-none-manylinux2014_x86_64.manylinux_2_17_x86_64.whl", hash = "sha256:08ed2686e9875d01b58e3cb379c6896df8e76c75e0d4a7f7dace3d7b6d9ef8eb" },
    { url = "https://pypi.nvidia.com/nvidia-cublas-cu12/nvidia_cublas_cu12-12.6.4.1-py3-none-manylinux_2_27_aarch64.whl", hash = "sha256:235f728d6e2a409eddf1df58d5b0921cf80cfa9e72b9f2775ccb7b4a87984668" },
]

[[package]]
name = "nvidia-cuda-cupti-cu12"
version = "12.6.80"
source = { registry = "https://download.pytorch.org/whl/cu126" }
wheels = [
    { url = "https://pypi.nvidia.com/nvidia-cuda-cupti-cu12/nvidia_cuda_cupti_cu12-12.6.80-py3-none-manylinux2014_aarch64.manylinux_2_17_aarch64.whl", hash = "sha256:166ee35a3ff1587f2490364f90eeeb8da06cd867bd5b701bf7f9a02b78bc63fc" },
    { url = "https://pypi.nvidia.com/nvidia-cuda-cupti-cu12/nvidia_cuda_cupti_cu12-12.6.80-py3-none-manylinux2014_aarch64.whl", hash = "sha256:358b4a1d35370353d52e12f0a7d1769fc01ff74a191689d3870b2123156184c4" },
    { url = "https://pypi.nvidia.com/nvidia-cuda-cupti-cu12/nvidia_cuda_cupti_cu12-12.6.80-py3-none-manylinux2014_x86_64.manylinux_2_17_x86_64.whl", hash = "sha256:6768bad6cab4f19e8292125e5f1ac8aa7d1718704012a0e3272a6f61c4bce132" },
    { url = "https://pypi.nvidia.com/nvidia-cuda-cupti-cu12/nvidia_cuda_cupti_cu12-12.6.80-py3-none-manylinux2014_x86_64.whl", hash = "sha256:a3eff6cdfcc6a4c35db968a06fcadb061cbc7d6dde548609a941ff8701b98b73" },
]

[[package]]
name = "nvidia-cuda-nvrtc-cu12"
version = "12.6.77"
source = { registry = "https://download.pytorch.org/whl/cu126" }
wheels = [
    { url = "https://pypi.nvidia.com/nvidia-cuda-nvrtc-cu12/nvidia_cuda_nvrtc_cu12-12.6.77-py3-none-manylinux2014_aarch64.whl", hash = "sha256:5847f1d6e5b757f1d2b3991a01082a44aad6f10ab3c5c0213fa3e25bddc25a13" },
    { url = "https://pypi.nvidia.com/nvidia-cuda-nvrtc-cu12/nvidia_cuda_nvrtc_cu12-12.6.77-py3-none-manylinux2014_x86_64.whl", hash = "sha256:35b0cc6ee3a9636d5409133e79273ce1f3fd087abb0532d2d2e8fff1fe9efc53" },
]

[[package]]
name = "nvidia-cuda-runtime-cu12"
version = "12.6.77"
source = { registry = "https://download.pytorch.org/whl/cu126" }
wheels = [
    { url = "https://pypi.nvidia.com/nvidia-cuda-runtime-cu12/nvidia_cuda_runtime_cu12-12.6.77-py3-none-manylinux2014_aarch64.manylinux_2_17_aarch64.whl", hash = "sha256:6116fad3e049e04791c0256a9778c16237837c08b27ed8c8401e2e45de8d60cd" },
    { url = "https://pypi.nvidia.com/nvidia-cuda-runtime-cu12/nvidia_cuda_runtime_cu12-12.6.77-py3-none-manylinux2014_aarch64.whl", hash = "sha256:d461264ecb429c84c8879a7153499ddc7b19b5f8d84c204307491989a365588e" },
    { url = "https://pypi.nvidia.com/nvidia-cuda-runtime-cu12/nvidia_cuda_runtime_cu12-12.6.77-py3-none-manylinux2014_x86_64.manylinux_2_17_x86_64.whl", hash = "sha256:ba3b56a4f896141e25e19ab287cd71e52a6a0f4b29d0d31609f60e3b4d5219b7" },
    { url = "https://pypi.nvidia.com/nvidia-cuda-runtime-cu12/nvidia_cuda_runtime_cu12-12.6.77-py3-none-manylinux2014_x86_64.whl", hash = "sha256:a84d15d5e1da416dd4774cb42edf5e954a3e60cc945698dc1d5be02321c44dc8" },
]

[[package]]
name = "nvidia-cudnn-cu12"
version = "9.10.2.21"
source = { registry = "https://download.pytorch.org/whl/cu126" }
dependencies = [
    { name = "nvidia-cublas-cu12" },
]
wheels = [
    { url = "https://pypi.nvidia.com/nvidia-cudnn-cu12/nvidia_cudnn_cu12-9.10.2.21-py3-none-manylinux_2_27_aarch64.whl", hash = "sha256:c9132cc3f8958447b4910a1720036d9eff5928cc3179b0a51fb6d167c6cc87d8" },
    { url = "https://pypi.nvidia.com/nvidia-cudnn-cu12/nvidia_cudnn_cu12-9.10.2.21-py3-none-manylinux_2_27_x86_64.whl", hash = "sha256:949452be657fa16687d0930933f032835951ef0892b37d2d53824d1a84dc97a8" },
]

[[package]]
name = "nvidia-cufft-cu12"
version = "11.3.0.4"
source = { registry = "https://download.pytorch.org/whl/cu126" }
dependencies = [
    { name = "nvidia-nvjitlink-cu12" },
]
wheels = [
    { url = "https://pypi.nvidia.com/nvidia-cufft-cu12/nvidia_cufft_cu12-11.3.0.4-py3-none-manylinux2014_aarch64.manylinux_2_17_aarch64.whl", hash = "sha256:d16079550df460376455cba121db6564089176d9bac9e4f360493ca4741b22a6" },
    { url = "https://pypi.nvidia.com/nvidia-cufft-cu12/nvidia_cufft_cu12-11.3.0.4-py3-none-manylinux2014_aarch64.whl", hash = "sha256:8510990de9f96c803a051822618d42bf6cb8f069ff3f48d93a8486efdacb48fb" },
    { url = "https://pypi.nvidia.com/nvidia-cufft-cu12/nvidia_cufft_cu12-11.3.0.4-py3-none-manylinux2014_x86_64.manylinux_2_17_x86_64.whl", hash = "sha256:ccba62eb9cef5559abd5e0d54ceed2d9934030f51163df018532142a8ec533e5" },
    { url = "https://pypi.nvidia.com/nvidia-cufft-cu12/nvidia_cufft_cu12-11.3.0.4-py3-none-manylinux2014_x86_64.whl", hash = "sha256:768160ac89f6f7b459bee747e8d175dbf53619cfe74b2a5636264163138013ca" },
]

[[package]]
name = "nvidia-cufile-cu12"
version = "1.11.1.6"
source = { registry = "https://download.pytorch.org/whl/cu126" }
wheels = [
    { url = "https://pypi.nvidia.com/nvidia-cufile-cu12/nvidia_cufile_cu12-1.11.1.6-py3-none-manylinux2014_x86_64.manylinux_2_17_x86_64.whl", hash = "sha256:cc23469d1c7e52ce6c1d55253273d32c565dd22068647f3aa59b3c6b005bf159" },
    { url = "https://pypi.nvidia.com/nvidia-cufile-cu12/nvidia_cufile_cu12-1.11.1.6-py3-none-manylinux_2_27_aarch64.whl", hash = "sha256:8f57a0051dcf2543f6dc2b98a98cb2719c37d3cee1baba8965d57f3bbc90d4db" },
]

[[package]]
name = "nvidia-curand-cu12"
version = "10.3.7.77"
source = { registry = "https://download.pytorch.org/whl/cu126" }
wheels = [
    { url = "https://pypi.nvidia.com/nvidia-curand-cu12/nvidia_curand_cu12-10.3.7.77-py3-none-manylinux2014_aarch64.whl", hash = "sha256:6e82df077060ea28e37f48a3ec442a8f47690c7499bff392a5938614b56c98d8" },
    { url = "https://pypi.nvidia.com/nvidia-curand-cu12/nvidia_curand_cu12-10.3.7.77-py3-none-manylinux2014_x86_64.manylinux_2_17_x86_64.whl", hash = "sha256:a42cd1344297f70b9e39a1e4f467a4e1c10f1da54ff7a85c12197f6c652c8bdf" },
    { url = "https://pypi.nvidia.com/nvidia-curand-cu12/nvidia_curand_cu12-10.3.7.77-py3-none-manylinux2014_x86_64.whl", hash = "sha256:99f1a32f1ac2bd134897fc7a203f779303261268a65762a623bf30cc9fe79117" },
    { url = "https://pypi.nvidia.com/nvidia-curand-cu12/nvidia_curand_cu12-10.3.7.77-py3-none-manylinux_2_27_aarch64.whl", hash = "sha256:7b2ed8e95595c3591d984ea3603dd66fe6ce6812b886d59049988a712ed06b6e" },
]

[[package]]
name = "nvidia-cusolver-cu12"
version = "11.7.1.2"
source = { registry = "https://download.pytorch.org/whl/cu126" }
dependencies = [
    { name = "nvidia-cublas-cu12" },
    { name = "nvidia-cusparse-cu12" },
    { name = "nvidia-nvjitlink-cu12" },
]
wheels = [
    { url = "https://pypi.nvidia.com/nvidia-cusolver-cu12/nvidia_cusolver_cu12-11.7.1.2-py3-none-manylinux2014_aarch64.whl", hash = "sha256:0ce237ef60acde1efc457335a2ddadfd7610b892d94efee7b776c64bb1cac9e0" },
    { url = "https://pypi.nvidia.com/nvidia-cusolver-cu12/nvidia_cusolver_cu12-11.7.1.2-py3-none-manylinux2014_x86_64.manylinux_2_17_x86_64.whl", hash = "sha256:e9e49843a7707e42022babb9bcfa33c29857a93b88020c4e4434656a655b698c" },
    { url = "https://pypi.nvidia.com/nvidia-cusolver-cu12/nvidia_cusolver_cu12-11.7.1.2-py3-none-manylinux2014_x86_64.whl", hash = "sha256:6cf28f17f64107a0c4d7802be5ff5537b2130bfc112f25d5a30df227058ca0e6" },
    { url = "https://pypi.nvidia.com/nvidia-cusolver-cu12/nvidia_cusolver_cu12-11.7.1.2-py3-none-manylinux_2_27_aarch64.whl", hash = "sha256:dbbe4fc38ec1289c7e5230e16248365e375c3673c9c8bac5796e2e20db07f56e" },
]

[[package]]
name = "nvidia-cusparse-cu12"
version = "12.5.4.2"
source = { registry = "https://download.pytorch.org/whl/cu126" }
dependencies = [
    { name = "nvidia-nvjitlink-cu12" },
]
wheels = [
    { url = "https://pypi.nvidia.com/nvidia-cusparse-cu12/nvidia_cusparse_cu12-12.5.4.2-py3-none-manylinux2014_aarch64.manylinux_2_17_aarch64.whl", hash = "sha256:d25b62fb18751758fe3c93a4a08eff08effedfe4edf1c6bb5afd0890fe88f887" },
    { url = "https://pypi.nvidia.com/nvidia-cusparse-cu12/nvidia_cusparse_cu12-12.5.4.2-py3-none-manylinux2014_aarch64.whl", hash = "sha256:7aa32fa5470cf754f72d1116c7cbc300b4e638d3ae5304cfa4a638a5b87161b1" },
    { url = "https://pypi.nvidia.com/nvidia-cusparse-cu12/nvidia_cusparse_cu12-12.5.4.2-py3-none-manylinux2014_x86_64.manylinux_2_17_x86_64.whl", hash = "sha256:7556d9eca156e18184b94947ade0fba5bb47d69cec46bf8660fd2c71a4b48b73" },
    { url = "https://pypi.nvidia.com/nvidia-cusparse-cu12/nvidia_cusparse_cu12-12.5.4.2-py3-none-manylinux2014_x86_64.whl", hash = "sha256:23749a6571191a215cb74d1cdbff4a86e7b19f1200c071b3fcf844a5bea23a2f" },
]

[[package]]
name = "nvidia-cusparselt-cu12"
version = "0.7.1"
source = { registry = "https://download.pytorch.org/whl/cu126" }
wheels = [
    { url = "https://pypi.nvidia.com/nvidia-cusparselt-cu12/nvidia_cusparselt_cu12-0.7.1-py3-none-manylinux2014_aarch64.whl", hash = "sha256:8878dce784d0fac90131b6817b607e803c36e629ba34dc5b433471382196b6a5" },
    { url = "https://pypi.nvidia.com/nvidia-cusparselt-cu12/nvidia_cusparselt_cu12-0.7.1-py3-none-manylinux2014_x86_64.whl", hash = "sha256:f1bb701d6b930d5a7cea44c19ceb973311500847f81b634d802b7b539dc55623" },
]

[[package]]
name = "nvidia-nccl-cu12"
version = "2.27.5"
source = { registry = "https://download.pytorch.org/whl/cu126" }
wheels = [
    { url = "https://pypi.nvidia.com/nvidia-nccl-cu12/nvidia_nccl_cu12-2.27.5-py3-none-manylinux2014_aarch64.manylinux_2_17_aarch64.whl", hash = "sha256:31432ad4d1fb1004eb0c56203dc9bc2178a1ba69d1d9e02d64a6938ab5e40e7a" },
    { url = "https://pypi.nvidia.com/nvidia-nccl-cu12/nvidia_nccl_cu12-2.27.5-py3-none-manylinux2014_x86_64.manylinux_2_17_x86_64.whl", hash = "sha256:ad730cf15cb5d25fe849c6e6ca9eb5b76db16a80f13f425ac68d8e2e55624457" },
]

[[package]]
name = "nvidia-nvjitlink-cu12"
version = "12.6.85"
source = { registry = "https://download.pytorch.org/whl/cu126" }
wheels = [
    { url = "https://pypi.nvidia.com/nvidia-nvjitlink-cu12/nvidia_nvjitlink_cu12-12.6.85-py3-none-manylinux2010_x86_64.manylinux_2_12_x86_64.whl", hash = "sha256:eedc36df9e88b682efe4309aa16b5b4e78c2407eac59e8c10a6a47535164369a" },
    { url = "https://pypi.nvidia.com/nvidia-nvjitlink-cu12/nvidia_nvjitlink_cu12-12.6.85-py3-none-manylinux2014_aarch64.manylinux_2_17_aarch64.whl", hash = "sha256:cf4eaa7d4b6b543ffd69d6abfb11efdeb2db48270d94dfd3a452c24150829e41" },
]

[[package]]
name = "nvidia-nvshmem-cu12"
version = "3.4.5"
source = { registry = "https://download.pytorch.org/whl/cu126" }
wheels = [
    { url = "https://pypi.nvidia.com/nvidia-nvshmem-cu12/nvidia_nvshmem_cu12-3.4.5-py3-none-manylinux2014_aarch64.manylinux_2_17_aarch64.whl", hash = "sha256:0b48363fc6964dede448029434c6abed6c5e37f823cb43c3bcde7ecfc0457e15" },
    { url = "https://pypi.nvidia.com/nvidia-nvshmem-cu12/nvidia_nvshmem_cu12-3.4.5-py3-none-manylinux2014_x86_64.manylinux_2_17_x86_64.whl", hash = "sha256:042f2500f24c021db8a06c5eec2539027d57460e1c1a762055a6554f72c369bd" },
]

[[package]]
name = "nvidia-nvtx-cu12"
version = "12.6.77"
source = { registry = "https://download.pytorch.org/whl/cu126" }
wheels = [
    { url = "https://pypi.nvidia.com/nvidia-nvtx-cu12/nvidia_nvtx_cu12-12.6.77-py3-none-manylinux2014_aarch64.manylinux_2_17_aarch64.whl", hash = "sha256:f44f8d86bb7d5629988d61c8d3ae61dddb2015dee142740536bc7481b022fe4b" },
    { url = "https://pypi.nvidia.com/nvidia-nvtx-cu12/nvidia_nvtx_cu12-12.6.77-py3-none-manylinux2014_aarch64.whl", hash = "sha256:adcaabb9d436c9761fca2b13959a2d237c5f9fd406c8e4b723c695409ff88059" },
    { url = "https://pypi.nvidia.com/nvidia-nvtx-cu12/nvidia_nvtx_cu12-12.6.77-py3-none-manylinux2014_x86_64.manylinux_2_17_x86_64.whl", hash = "sha256:b90bed3df379fa79afbd21be8e04a0314336b8ae16768b58f2d34cb1d04cd7d2" },
    { url = "https://pypi.nvidia.com/nvidia-nvtx-cu12/nvidia_nvtx_cu12-12.6.77-py3-none-manylinux2014_x86_64.whl", hash = "sha256:6574241a3ec5fdc9334353ab8c479fe75841dbe8f4532a8fc97ce63503330ba1" },
]

[[package]]
name = "pillow"
version = "12.0.0"
source = { registry = "https://download.pytorch.org/whl/cu126" }
sdist = { url = "https://files.pythonhosted.org/packages/5a/b0/cace85a1b0c9775a9f8f5d5423c8261c858760e2466c79b2dd184638b056/pillow-12.0.0.tar.gz", hash = "sha256:87d4f8125c9988bfbed67af47dd7a953e2fc7b0cc1e7800ec6d2080d490bb353" }
wheels = [
    { url = "https://files.pythonhosted.org/packages/54/2a/9a8c6ba2c2c07b71bec92cf63e03370ca5e5f5c5b119b742bcc0cde3f9c5/pillow-12.0.0-cp314-cp314-ios_13_0_arm64_iphoneos.whl", hash = "sha256:beeae3f27f62308f1ddbcfb0690bf44b10732f2ef43758f169d5e9303165d3f9" },
    { url = "https://files.pythonhosted.org/packages/84/54/836fdbf1bfb3d66a59f0189ff0b9f5f666cee09c6188309300df04ad71fa/pillow-12.0.0-cp314-cp314-ios_13_0_arm64_iphonesimulator.whl", hash = "sha256:d4827615da15cd59784ce39d3388275ec093ae3ee8d7f0c089b76fa87af756c2" },
    { url = "https://files.pythonhosted.org/packages/0d/cd/16aec9f0da4793e98e6b54778a5fbce4f375c6646fe662e80600b8797379/pillow-12.0.0-cp314-cp314-ios_13_0_x86_64_iphonesimulator.whl", hash = "sha256:3e42edad50b6909089750e65c91aa09aaf1e0a71310d383f11321b27c224ed8a" },
    { url = "https://files.pythonhosted.org/packages/f6/b7/13957fda356dc46339298b351cae0d327704986337c3c69bb54628c88155/pillow-12.0.0-cp314-cp314-macosx_10_15_x86_64.whl", hash = "sha256:e5d8efac84c9afcb40914ab49ba063d94f5dbdf5066db4482c66a992f47a3a3b" },
    { url = "https://files.pythonhosted.org/packages/fc/f5/eae31a306341d8f331f43edb2e9122c7661b975433de5e447939ae61c5da/pillow-12.0.0-cp314-cp314-macosx_11_0_arm64.whl", hash = "sha256:266cd5f2b63ff316d5a1bba46268e603c9caf5606d44f38c2873c380950576ad" },
    { url = "https://files.pythonhosted.org/packages/86/62/2a88339aa40c4c77e79108facbd307d6091e2c0eb5b8d3cf4977cfca2fe6/pillow-12.0.0-cp314-cp314-manylinux2014_aarch64.manylinux_2_17_aarch64.whl", hash = "sha256:58eea5ebe51504057dd95c5b77d21700b77615ab0243d8152793dc00eb4faf01" },
    { url = "https://files.pythonhosted.org/packages/c7/33/5425a8992bcb32d1cb9fa3dd39a89e613d09a22f2c8083b7bf43c455f760/pillow-12.0.0-cp314-cp314-manylinux2014_x86_64.manylinux_2_17_x86_64.whl", hash = "sha256:f13711b1a5ba512d647a0e4ba79280d3a9a045aaf7e0cc6fbe96b91d4cdf6b0c" },
    { url = "https://files.pythonhosted.org/packages/d8/61/3f5d3b35c5728f37953d3eec5b5f3e77111949523bd2dd7f31a851e50690/pillow-12.0.0-cp314-cp314-manylinux_2_27_aarch64.manylinux_2_28_aarch64.whl", hash = "sha256:6846bd2d116ff42cba6b646edf5bf61d37e5cbd256425fa089fee4ff5c07a99e" },
    { url = "https://files.pythonhosted.org/packages/3a/be/ee90a3d79271227e0f0a33c453531efd6ed14b2e708596ba5dd9be948da3/pillow-12.0.0-cp314-cp314-manylinux_2_27_x86_64.manylinux_2_28_x86_64.whl", hash = "sha256:c98fa880d695de164b4135a52fd2e9cd7b7c90a9d8ac5e9e443a24a95ef9248e" },
    { url = "https://files.pythonhosted.org/packages/44/34/a16b6a4d1ad727de390e9bd9f19f5f669e079e5826ec0f329010ddea492f/pillow-12.0.0-cp314-cp314-musllinux_1_2_aarch64.whl", hash = "sha256:fa3ed2a29a9e9d2d488b4da81dcb54720ac3104a20bf0bd273f1e4648aff5af9" },
    { url = "https://files.pythonhosted.org/packages/b6/39/1aa5850d2ade7d7ba9f54e4e4c17077244ff7a2d9e25998c38a29749eb3f/pillow-12.0.0-cp314-cp314-musllinux_1_2_x86_64.whl", hash = "sha256:d034140032870024e6b9892c692fe2968493790dd57208b2c37e3fb35f6df3ab" },
    { url = "https://files.pythonhosted.org/packages/bf/db/4fae862f8fad0167073a7733973bfa955f47e2cac3dc3e3e6257d10fab4a/pillow-12.0.0-cp314-cp314-win32.whl", hash = "sha256:1b1b133e6e16105f524a8dec491e0586d072948ce15c9b914e41cdadd209052b" },
    { url = "https://files.pythonhosted.org/packages/2b/24/b350c31543fb0107ab2599464d7e28e6f856027aadda995022e695313d94/pillow-12.0.0-cp314-cp314-win_amd64.whl", hash = "sha256:8dc232e39d409036af549c86f24aed8273a40ffa459981146829a324e0848b4b" },
    { url = "https://files.pythonhosted.org/packages/0f/9b/0ba5a6fd9351793996ef7487c4fdbde8d3f5f75dbedc093bb598648fddf0/pillow-12.0.0-cp314-cp314-win_arm64.whl", hash = "sha256:d52610d51e265a51518692045e372a4c363056130d922a7351429ac9f27e70b0" },
    { url = "https://files.pythonhosted.org/packages/f5/7a/ceee0840aebc579af529b523d530840338ecf63992395842e54edc805987/pillow-12.0.0-cp314-cp314t-macosx_10_15_x86_64.whl", hash = "sha256:1979f4566bb96c1e50a62d9831e2ea2d1211761e5662afc545fa766f996632f6" },
    { url = "https://files.pythonhosted.org/packages/44/76/20776057b4bfd1aef4eeca992ebde0f53a4dce874f3ae693d0ec90a4f79b/pillow-12.0.0-cp314-cp314t-macosx_11_0_arm64.whl", hash = "sha256:b2e4b27a6e15b04832fe9bf292b94b5ca156016bbc1ea9c2c20098a0320d6cf6" },
    { url = "https://files.pythonhosted.org/packages/82/3f/d9ff92ace07be8836b4e7e87e6a4c7a8318d47c2f1463ffcf121fc57d9cb/pillow-12.0.0-cp314-cp314t-manylinux2014_aarch64.manylinux_2_17_aarch64.whl", hash = "sha256:fb3096c30df99fd01c7bf8e544f392103d0795b9f98ba71a8054bcbf56b255f1" },
    { url = "https://files.pythonhosted.org/packages/9f/7a/4f7ff87f00d3ad33ba21af78bfcd2f032107710baf8280e3722ceec28cda/pillow-12.0.0-cp314-cp314t-manylinux2014_x86_64.manylinux_2_17_x86_64.whl", hash = "sha256:7438839e9e053ef79f7112c881cef684013855016f928b168b81ed5835f3e75e" },
    { url = "https://files.pythonhosted.org/packages/75/87/fcea108944a52dad8cca0715ae6247e271eb80459364a98518f1e4f480c1/pillow-12.0.0-cp314-cp314t-manylinux_2_27_aarch64.manylinux_2_28_aarch64.whl", hash = "sha256:5d5c411a8eaa2299322b647cd932586b1427367fd3184ffbb8f7a219ea2041ca" },
    { url = "https://files.pythonhosted.org/packages/91/52/0d31b5e571ef5fd111d2978b84603fce26aba1b6092f28e941cb46570745/pillow-12.0.0-cp314-cp314t-manylinux_2_27_x86_64.manylinux_2_28_x86_64.whl", hash = "sha256:d7e091d464ac59d2c7ad8e7e08105eaf9dafbc3883fd7265ffccc2baad6ac925" },
    { url = "https://files.pythonhosted.org/packages/7b/f4/2dd3d721f875f928d48e83bb30a434dee75a2531bca839bb996bb0aa5a91/pillow-12.0.0-cp314-cp314t-musllinux_1_2_aarch64.whl", hash = "sha256:792a2c0be4dcc18af9d4a2dfd8a11a17d5e25274a1062b0ec1c2d79c76f3e7f8" },
    { url = "https://files.pythonhosted.org/packages/30/4b/667dfcf3d61fc309ba5a15b141845cece5915e39b99c1ceab0f34bf1d124/pillow-12.0.0-cp314-cp314t-musllinux_1_2_x86_64.whl", hash = "sha256:afbefa430092f71a9593a99ab6a4e7538bc9eabbf7bf94f91510d3503943edc4" },
    { url = "https://files.pythonhosted.org/packages/a2/2f/16cabcc6426c32218ace36bf0d55955e813f2958afddbf1d391849fee9d1/pillow-12.0.0-cp314-cp314t-win32.whl", hash = "sha256:3830c769decf88f1289680a59d4f4c46c72573446352e2befec9a8512104fa52" },
    { url = "https://files.pythonhosted.org/packages/35/73/e29aa0c9c666cf787628d3f0dcf379f4791fba79f4936d02f8b37165bdf8/pillow-12.0.0-cp314-cp314t-win_amd64.whl", hash = "sha256:905b0365b210c73afb0ebe9101a32572152dfd1c144c7e28968a331b9217b94a" },
    { url = "https://files.pythonhosted.org/packages/c1/70/6b41bdcddf541b437bbb9f47f94d2db5d9ddef6c37ccab8c9107743748a4/pillow-12.0.0-cp314-cp314t-win_arm64.whl", hash = "sha256:99353a06902c2e43b43e8ff74ee65a7d90307d82370604746738a1e0661ccca7" },
]

[[package]]
name = "setuptools"
version = "70.2.0"
source = { registry = "https://download.pytorch.org/whl/cu126" }
wheels = [
    { url = "https://download.pytorch.org/whl/setuptools-70.2.0-py3-none-any.whl", hash = "sha256:b8b8060bb426838fbe942479c90296ce976249451118ef566a5a0b7d8b78fb05" },
]

[[package]]
name = "sympy"
version = "1.14.0"
source = { registry = "https://download.pytorch.org/whl/cu126" }
dependencies = [
    { name = "mpmath" },
]
sdist = { url = "https://files.pythonhosted.org/packages/83/d3/803453b36afefb7c2bb238361cd4ae6125a569b4db67cd9e79846ba2d68c/sympy-1.14.0.tar.gz", hash = "sha256:d3d3fe8df1e5a0b42f0e7bdf50541697dbe7d23746e894990c030e2b05e72517" }
wheels = [
    { url = "https://files.pythonhosted.org/packages/a2/09/77d55d46fd61b4a135c444fc97158ef34a095e5681d0a6c10b75bf356191/sympy-1.14.0-py3-none-any.whl", hash = "sha256:e091cc3e99d2141a0ba2847328f5479b05d94a6635cb96148ccb3f34671bd8f5" },
]

[[package]]
name = "torch"
version = "2.10.0+cu126"
source = { registry = "https://download.pytorch.org/whl/cu126" }
dependencies = [
    { name = "cuda-bindings", marker = "sys_platform == 'linux'" },
    { name = "filelock" },
    { name = "fsspec" },
    { name = "jinja2" },
    { name = "networkx" },
    { name = "nvidia-cublas-cu12", marker = "sys_platform == 'linux'" },
    { name = "nvidia-cuda-cupti-cu12", marker = "sys_platform == 'linux'" },
    { name = "nvidia-cuda-nvrtc-cu12", marker = "sys_platform == 'linux'" },
    { name = "nvidia-cuda-runtime-cu12", marker = "sys_platform == 'linux'" },
    { name = "nvidia-cudnn-cu12", marker = "sys_platform == 'linux'" },
    { name = "nvidia-cufft-cu12", marker = "sys_platform == 'linux'" },
    { name = "nvidia-cufile-cu12", marker = "sys_platform == 'linux'" },
    { name = "nvidia-curand-cu12", marker = "sys_platform == 'linux'" },
    { name = "nvidia-cusolver-cu12", marker = "sys_platform == 'linux'" },
    { name = "nvidia-cusparse-cu12", marker = "sys_platform == 'linux'" },
    { name = "nvidia-cusparselt-cu12", marker = "sys_platform == 'linux'" },
    { name = "nvidia-nccl-cu12", marker = "sys_platform == 'linux'" },
    { name = "nvidia-nvjitlink-cu12", marker = "sys_platform == 'linux'" },
    { name = "nvidia-nvshmem-cu12", marker = "sys_platform == 'linux'" },
    { name = "nvidia-nvtx-cu12", marker = "sys_platform == 'linux'" },
    { name = "setuptools" },
    { name = "sympy" },
    { name = "triton", marker = "sys_platform == 'linux'" },
    { name = "typing-extensions" },
]
wheels = [
    { url = "https://download.pytorch.org/whl/cu126/torch-2.10.0%2Bcu126-cp314-cp314-manylinux_2_28_aarch64.whl", hash = "sha256:6935902d55007b3031a1e1ce74f9d0e1a6780cb02990818133a868560197dfa6" },
    { url = "https://download.pytorch.org/whl/cu126/torch-2.10.0%2Bcu126-cp314-cp314-manylinux_2_28_x86_64.whl", hash = "sha256:4cf597403f339a5068ad5a96fac562a2664a7cc584f24689d3136bf3deb0d07e" },
    { url = "https://download.pytorch.org/whl/cu126/torch-2.10.0%2Bcu126-cp314-cp314-win_amd64.whl", hash = "sha256:ef8d62917bf7886929f6b3d8fbab372f8ac660b61cca47c19e0354c23fb860cf" },
    { url = "https://download.pytorch.org/whl/cu126/torch-2.10.0%2Bcu126-cp314-cp314t-manylinux_2_28_aarch64.whl", hash = "sha256:55f4639ea3d0f232281bbe8acce7e04f53e6789594ff354aff7560b22e2d8241" },
    { url = "https://download.pytorch.org/whl/cu126/torch-2.10.0%2Bcu126-cp314-cp314t-manylinux_2_28_x86_64.whl", hash = "sha256:1aba08d6a66cb7577afc13fcc2bec8b15133438098a5acd512cee920c40c16a8" },
    { url = "https://download.pytorch.org/whl/cu126/torch-2.10.0%2Bcu126-cp314-cp314t-win_amd64.whl", hash = "sha256:78bc0feb3357037b902562a8c0b72ca78cef65e2d2b782c214c7892df87b96a3" },
]

[[package]]
name = "torchaudio"
version = "2.10.0+cu126"
source = { registry = "https://download.pytorch.org/whl/cu126" }
dependencies = [
    { name = "torch" },
]
wheels = [
    { url = "https://download.pytorch.org/whl/cu126/torchaudio-2.10.0%2Bcu126-cp314-cp314-manylinux_2_28_aarch64.whl", hash = "sha256:3ef1e8c8c971f5750484d1be4c0e2452b057f8a8794a79bab2f2e33720fb5b69" },
    { url = "https://download.pytorch.org/whl/cu126/torchaudio-2.10.0%2Bcu126-cp314-cp314-manylinux_2_28_x86_64.whl", hash = "sha256:844242e8d98d0321e7fc938e1b7e24bbb6c68008744cd71a6694500b04210976" },
    { url = "https://download.pytorch.org/whl/cu126/torchaudio-2.10.0%2Bcu126-cp314-cp314-win_amd64.whl", hash = "sha256:4b7ae03ac4e0bbbbcec65e1a81af44b633609be95ca870487e7ead2c5ccc3446" },
    { url = "https://download.pytorch.org/whl/cu126/torchaudio-2.10.0%2Bcu126-cp314-cp314t-manylinux_2_28_aarch64.whl", hash = "sha256:96d9a17a5d738cd5a4045cebd95c08c99758e70120334cec47fd872d90760b26" },
    { url = "https://download.pytorch.org/whl/cu126/torchaudio-2.10.0%2Bcu126-cp314-cp314t-manylinux_2_28_x86_64.whl", hash = "sha256:5495e909549413e20b30120cb8c97e84354e10ff41104d062252c6340cc8127c" },
    { url = "https://download.pytorch.org/whl/cu126/torchaudio-2.10.0%2Bcu126-cp314-cp314t-win_amd64.whl", hash = "sha256:83a6a80850de4bff98d0f332f942050608baa1e7b375eff8748357d2a75f3d36" },
]

[[package]]
name = "torchvision"
version = "0.25.0+cu126"
source = { registry = "https://download.pytorch.org/whl/cu126" }
dependencies = [
    { name = "numpy" },
    { name = "pillow" },
    { name = "torch" },
]
wheels = [
    { url = "https://download.pytorch.org/whl/cu126/torchvision-0.25.0%2Bcu126-cp314-cp314-manylinux_2_28_aarch64.whl", hash = "sha256:f4cdfc5cec5b3171448644e90986080b929d1a85cab3d425183f3df88443d169" },
    { url = "https://download.pytorch.org/whl/cu126/torchvision-0.25.0%2Bcu126-cp314-cp314-manylinux_2_28_x86_64.whl", hash = "sha256:8c5805d64a2d07af6c3fda4a5e3feefd6e56b5427a7e0889d8f5e3b35e9db64d" },
    { url = "https://download.pytorch.org/whl/cu126/torchvision-0.25.0%2Bcu126-cp314-cp314-win_amd64.whl", hash = "sha256:de1ef298132e23f407ced636e0e849c712ece18849b2762eb3dc14815e1a24bf" },
    { url = "https://download.pytorch.org/whl/cu126/torchvision-0.25.0%2Bcu126-cp314-cp314t-manylinux_2_28_aarch64.whl", hash = "sha256:a3668931bed85a8b6a2942499708b6a1aa2b494b6a5a5a192c03eb57beddd804" },
    { url = "https://download.pytorch.org/whl/cu126/torchvision-0.25.0%2Bcu126-cp314-cp314t-manylinux_2_28_x86_64.whl", hash = "sha256:103dd7793228623f530277abf74d37d083ede9b151cd672530c387ad923def2f" },
    { url = "https://download.pytorch.org/whl/cu126/torchvision-0.25.0%2Bcu126-cp314-cp314t-win_amd64.whl", hash = "sha256:534d3876a834a2dea807402a5c4981b31236a8796f2045869963ee8df87e6633" },
]

[[package]]
name = "triton"
version = "3.6.0"
source = { registry = "https://download.pytorch.org/whl/cu126" }
wheels = [
    { url = "https://download.pytorch.org/whl/triton-3.6.0-cp314-cp314-manylinux_2_27_aarch64.manylinux_2_28_aarch64.whl", hash = "sha256:20ed2f770f7217b8a994cba99e7cac37e7be735a3991344990b80ab4fea964c4" },
    { url = "https://download.pytorch.org/whl/triton-3.6.0-cp314-cp314-manylinux_2_27_x86_64.manylinux_2_28_x86_64.whl", hash = "sha256:b6d800bda666ebbe7ec2146e3f5eb271ee87f8fac724011dc7f25dee9bfb5f7f" },
    { url = "https://download.pytorch.org/whl/triton-3.6.0-cp314-cp314t-manylinux_2_27_aarch64.manylinux_2_28_aarch64.whl", hash = "sha256:89b87d2837849a9bcd3d960ad2e3dac0345c6e1359b9859e29f68083cbda9b1d" },
    { url = "https://download.pytorch.org/whl/triton-3.6.0-cp314-cp314t-manylinux_2_27_x86_64.manylinux_2_28_x86_64.whl", hash = "sha256:621c0e5973d834507ec69dcf909f35f0b02c5df490fde100433cef83359b7eeb" },
]

[[package]]
name = "typing-extensions"
version = "4.15.0"
source = { registry = "https://download.pytorch.org/whl/cu126" }
wheels = [
    { url = "https://download.pytorch.org/whl/typing_extensions-4.15.0-py3-none-any.whl" },
]
